// !$*UTF8*$!
{
	archiveVersion = 1;
	classes = {
	};
	objectVersion = 50;
	objects = {

/* Begin PBXBuildFile section */
		84CA04B625272BFF00E830FF /* AppDelegate.swift in Sources */ = {isa = PBXBuildFile; fileRef = 84CA04B525272BFF00E830FF /* AppDelegate.swift */; };
		84CA04B825272BFF00E830FF /* SceneDelegate.swift in Sources */ = {isa = PBXBuildFile; fileRef = 84CA04B725272BFF00E830FF /* SceneDelegate.swift */; };
		84CA04BA25272BFF00E830FF /* ContentView.swift in Sources */ = {isa = PBXBuildFile; fileRef = 84CA04B925272BFF00E830FF /* ContentView.swift */; };
		84CA04BC25272C0200E830FF /* Assets.xcassets in Resources */ = {isa = PBXBuildFile; fileRef = 84CA04BB25272C0200E830FF /* Assets.xcassets */; };
		84CA04BF25272C0200E830FF /* Preview Assets.xcassets in Resources */ = {isa = PBXBuildFile; fileRef = 84CA04BE25272C0200E830FF /* Preview Assets.xcassets */; };
		84CA04C225272C0200E830FF /* LaunchScreen.storyboard in Resources */ = {isa = PBXBuildFile; fileRef = 84CA04C025272C0200E830FF /* LaunchScreen.storyboard */; };
		84CA04CC25272C4900E830FF /* Repo.swift in Sources */ = {isa = PBXBuildFile; fileRef = 84CA04CB25272C4900E830FF /* Repo.swift */; };
		84CA04D125272D0D00E830FF /* Note.swift in Sources */ = {isa = PBXBuildFile; fileRef = 84CA04D025272D0D00E830FF /* Note.swift */; };
		84CA04D525272D7300E830FF /* DetailView.swift in Sources */ = {isa = PBXBuildFile; fileRef = 84CA04D425272D7300E830FF /* DetailView.swift */; };
		84CA04D825272E2500E830FF /* MyTextView.swift in Sources */ = {isa = PBXBuildFile; fileRef = 84CA04D725272E2500E830FF /* MyTextView.swift */; };
/* End PBXBuildFile section */

/* Begin PBXFileReference section */
		84CA04B225272BFF00E830FF /* SwiftUIEditorWithOutFirebase.app */ = {isa = PBXFileReference; explicitFileType = wrapper.application; includeInIndex = 0; path = SwiftUIEditorWithOutFirebase.app; sourceTree = BUILT_PRODUCTS_DIR; };
		84CA04B525272BFF00E830FF /* AppDelegate.swift */ = {isa = PBXFileReference; lastKnownFileType = sourcecode.swift; path = AppDelegate.swift; sourceTree = "<group>"; };
		84CA04B725272BFF00E830FF /* SceneDelegate.swift */ = {isa = PBXFileReference; lastKnownFileType = sourcecode.swift; path = SceneDelegate.swift; sourceTree = "<group>"; };
		84CA04B925272BFF00E830FF /* ContentView.swift */ = {isa = PBXFileReference; lastKnownFileType = sourcecode.swift; path = ContentView.swift; sourceTree = "<group>"; };
		84CA04BB25272C0200E830FF /* Assets.xcassets */ = {isa = PBXFileReference; lastKnownFileType = folder.assetcatalog; path = Assets.xcassets; sourceTree = "<group>"; };
		84CA04BE25272C0200E830FF /* Preview Assets.xcassets */ = {isa = PBXFileReference; lastKnownFileType = folder.assetcatalog; path = "Preview Assets.xcassets"; sourceTree = "<group>"; };
		84CA04C125272C0200E830FF /* Base */ = {isa = PBXFileReference; lastKnownFileType = file.storyboard; name = Base; path = Base.lproj/LaunchScreen.storyboard; sourceTree = "<group>"; };
		84CA04C325272C0200E830FF /* Info.plist */ = {isa = PBXFileReference; lastKnownFileType = text.plist.xml; path = Info.plist; sourceTree = "<group>"; };
		84CA04CB25272C4900E830FF /* Repo.swift */ = {isa = PBXFileReference; lastKnownFileType = sourcecode.swift; path = Repo.swift; sourceTree = "<group>"; };
		84CA04D025272D0D00E830FF /* Note.swift */ = {isa = PBXFileReference; lastKnownFileType = sourcecode.swift; path = Note.swift; sourceTree = "<group>"; };
		84CA04D425272D7300E830FF /* DetailView.swift */ = {isa = PBXFileReference; lastKnownFileType = sourcecode.swift; path = DetailView.swift; sourceTree = "<group>"; };
		84CA04D725272E2500E830FF /* MyTextView.swift */ = {isa = PBXFileReference; lastKnownFileType = sourcecode.swift; path = MyTextView.swift; sourceTree = "<group>"; };
/* End PBXFileReference section */

/* Begin PBXFrameworksBuildPhase section */
		84CA04AF25272BFF00E830FF /* Frameworks */ = {
			isa = PBXFrameworksBuildPhase;
			buildActionMask = 2147483647;
			files = (
			);
			runOnlyForDeploymentPostprocessing = 0;
		};
/* End PBXFrameworksBuildPhase section */

/* Begin PBXGroup section */
		84CA04A925272BFF00E830FF = {
			isa = PBXGroup;
			children = (
				84CA04B425272BFF00E830FF /* SwiftUIEditorWithOutFirebase */,
				84CA04B325272BFF00E830FF /* Products */,
			);
			sourceTree = "<group>";
		};
		84CA04B325272BFF00E830FF /* Products */ = {
			isa = PBXGroup;
			children = (
				84CA04B225272BFF00E830FF /* SwiftUIEditorWithOutFirebase.app */,
			);
			name = Products;
			sourceTree = "<group>";
		};
		84CA04B425272BFF00E830FF /* SwiftUIEditorWithOutFirebase */ = {
			isa = PBXGroup;
			children = (
				84CA04D325272D6300E830FF /* view */,
				84CA04CF25272CD800E830FF /* model */,
				84CA04CA25272C3500E830FF /* repo */,
				84CA04B525272BFF00E830FF /* AppDelegate.swift */,
				84CA04B725272BFF00E830FF /* SceneDelegate.swift */,
				84CA04BB25272C0200E830FF /* Assets.xcassets */,
				84CA04C025272C0200E830FF /* LaunchScreen.storyboard */,
				84CA04C325272C0200E830FF /* Info.plist */,
				84CA04BD25272C0200E830FF /* Preview Content */,
			);
			path = SwiftUIEditorWithOutFirebase;
			sourceTree = "<group>";
		};
		84CA04BD25272C0200E830FF /* Preview Content */ = {
			isa = PBXGroup;
			children = (
				84CA04BE25272C0200E830FF /* Preview Assets.xcassets */,
			);
			path = "Preview Content";
			sourceTree = "<group>";
		};
		84CA04CA25272C3500E830FF /* repo */ = {
			isa = PBXGroup;
			children = (
				84CA04CB25272C4900E830FF /* Repo.swift */,
			);
			path = repo;
			sourceTree = "<group>";
		};
		84CA04CF25272CD800E830FF /* model */ = {
			isa = PBXGroup;
			children = (
				84CA04D025272D0D00E830FF /* Note.swift */,
			);
			path = model;
			sourceTree = "<group>";
		};
		84CA04D325272D6300E830FF /* view */ = {
			isa = PBXGroup;
			children = (
				84CA04B925272BFF00E830FF /* ContentView.swift */,
				84CA04D425272D7300E830FF /* DetailView.swift */,
				84CA04D725272E2500E830FF /* MyTextView.swift */,
			);
			path = view;
			sourceTree = "<group>";
		};
/* End PBXGroup section */

/* Begin PBXNativeTarget section */
		84CA04B125272BFF00E830FF /* SwiftUIEditorWithOutFirebase */ = {
			isa = PBXNativeTarget;
			buildConfigurationList = 84CA04C625272C0200E830FF /* Build configuration list for PBXNativeTarget "SwiftUIEditorWithOutFirebase" */;
			buildPhases = (
				84CA04AE25272BFF00E830FF /* Sources */,
				84CA04AF25272BFF00E830FF /* Frameworks */,
				84CA04B025272BFF00E830FF /* Resources */,
			);
			buildRules = (
			);
			dependencies = (
			);
			name = SwiftUIEditorWithOutFirebase;
			productName = SwiftUIEditorWithOutFirebase;
			productReference = 84CA04B225272BFF00E830FF /* SwiftUIEditorWithOutFirebase.app */;
			productType = "com.apple.product-type.application";
		};
/* End PBXNativeTarget section */

/* Begin PBXProject section */
		84CA04AA25272BFF00E830FF /* Project object */ = {
			isa = PBXProject;
			attributes = {
				LastSwiftUpdateCheck = 1200;
				LastUpgradeCheck = 1200;
				TargetAttributes = {
					84CA04B125272BFF00E830FF = {
						CreatedOnToolsVersion = 12.0.1;
					};
				};
			};
			buildConfigurationList = 84CA04AD25272BFF00E830FF /* Build configuration list for PBXProject "SwiftUIEditorWithOutFirebase" */;
			compatibilityVersion = "Xcode 9.3";
			developmentRegion = en;
			hasScannedForEncodings = 0;
			knownRegions = (
				en,
				Base,
			);
			mainGroup = 84CA04A925272BFF00E830FF;
			productRefGroup = 84CA04B325272BFF00E830FF /* Products */;
			projectDirPath = "";
			projectRoot = "";
			targets = (
				84CA04B125272BFF00E830FF /* SwiftUIEditorWithOutFirebase */,
			);
		};
/* End PBXProject section */

/* Begin PBXResourcesBuildPhase section */
		84CA04B025272BFF00E830FF /* Resources */ = {
			isa = PBXResourcesBuildPhase;
			buildActionMask = 2147483647;
			files = (
				84CA04C225272C0200E830FF /* LaunchScreen.storyboard in Resources */,
				84CA04BF25272C0200E830FF /* Preview Assets.xcassets in Resources */,
				84CA04BC25272C0200E830FF /* Assets.xcassets in Resources */,
			);
			runOnlyForDeploymentPostprocessing = 0;
		};
/* End PBXResourcesBuildPhase section */

/* Begin PBXSourcesBuildPhase section */
		84CA04AE25272BFF00E830FF /* Sources */ = {
			isa = PBXSourcesBuildPhase;
			buildActionMask = 2147483647;
			files = (
				84CA04D125272D0D00E830FF /* Note.swift in Sources */,
				84CA04D525272D7300E830FF /* DetailView.swift in Sources */,
				84CA04B625272BFF00E830FF /* AppDelegate.swift in Sources */,
				84CA04D825272E2500E830FF /* MyTextView.swift in Sources */,
				84CA04B825272BFF00E830FF /* SceneDelegate.swift in Sources */,
				84CA04BA25272BFF00E830FF /* ContentView.swift in Sources */,
				84CA04CC25272C4900E830FF /* Repo.swift in Sources */,
			);
			runOnlyForDeploymentPostprocessing = 0;
		};
/* End PBXSourcesBuildPhase section */

/* Begin PBXVariantGroup section */
		84CA04C025272C0200E830FF /* LaunchScreen.storyboard */ = {
			isa = PBXVariantGroup;
			children = (
				84CA04C125272C0200E830FF /* Base */,
			);
			name = LaunchScreen.storyboard;
			sourceTree = "<group>";
		};
/* End PBXVariantGroup section */

/* Begin XCBuildConfiguration section */
		84CA04C425272C0200E830FF /* Debug */ = {
			isa = XCBuildConfiguration;
			buildSettings = {
				ALWAYS_SEARCH_USER_PATHS = NO;
				CLANG_ANALYZER_NONNULL = YES;
				CLANG_ANALYZER_NUMBER_OBJECT_CONVERSION = YES_AGGRESSIVE;
				CLANG_CXX_LANGUAGE_STANDARD = "gnu++14";
				CLANG_CXX_LIBRARY = "libc++";
				CLANG_ENABLE_MODULES = YES;
				CLANG_ENABLE_OBJC_ARC = YES;
				CLANG_ENABLE_OBJC_WEAK = YES;
				CLANG_WARN_BLOCK_CAPTURE_AUTORELEASING = YES;
				CLANG_WARN_BOOL_CONVERSION = YES;
				CLANG_WARN_COMMA = YES;
				CLANG_WARN_CONSTANT_CONVERSION = YES;
				CLANG_WARN_DEPRECATED_OBJC_IMPLEMENTATIONS = YES;
				CLANG_WARN_DIRECT_OBJC_ISA_USAGE = YES_ERROR;
				CLANG_WARN_DOCUMENTATION_COMMENTS = YES;
				CLANG_WARN_EMPTY_BODY = YES;
				CLANG_WARN_ENUM_CONVERSION = YES;
				CLANG_WARN_INFINITE_RECURSION = YES;
				CLANG_WARN_INT_CONVERSION = YES;
				CLANG_WARN_NON_LITERAL_NULL_CONVERSION = YES;
				CLANG_WARN_OBJC_IMPLICIT_RETAIN_SELF = YES;
				CLANG_WARN_OBJC_LITERAL_CONVERSION = YES;
				CLANG_WARN_OBJC_ROOT_CLASS = YES_ERROR;
				CLANG_WARN_QUOTED_INCLUDE_IN_FRAMEWORK_HEADER = YES;
				CLANG_WARN_RANGE_LOOP_ANALYSIS = YES;
				CLANG_WARN_STRICT_PROTOTYPES = YES;
				CLANG_WARN_SUSPICIOUS_MOVE = YES;
				CLANG_WARN_UNGUARDED_AVAILABILITY = YES_AGGRESSIVE;
				CLANG_WARN_UNREACHABLE_CODE = YES;
				CLANG_WARN__DUPLICATE_METHOD_MATCH = YES;
				COPY_PHASE_STRIP = NO;
				DEBUG_INFORMATION_FORMAT = dwarf;
				ENABLE_STRICT_OBJC_MSGSEND = YES;
				ENABLE_TESTABILITY = YES;
				GCC_C_LANGUAGE_STANDARD = gnu11;
				GCC_DYNAMIC_NO_PIC = NO;
				GCC_NO_COMMON_BLOCKS = YES;
				GCC_OPTIMIZATION_LEVEL = 0;
				GCC_PREPROCESSOR_DEFINITIONS = (
					"DEBUG=1",
					"$(inherited)",
				);
				GCC_WARN_64_TO_32_BIT_CONVERSION = YES;
				GCC_WARN_ABOUT_RETURN_TYPE = YES_ERROR;
				GCC_WARN_UNDECLARED_SELECTOR = YES;
				GCC_WARN_UNINITIALIZED_AUTOS = YES_AGGRESSIVE;
				GCC_WARN_UNUSED_FUNCTION = YES;
				GCC_WARN_UNUSED_VARIABLE = YES;
				IPHONEOS_DEPLOYMENT_TARGET = 14.0;
				MTL_ENABLE_DEBUG_INFO = INCLUDE_SOURCE;
				MTL_FAST_MATH = YES;
				ONLY_ACTIVE_ARCH = YES;
				SDKROOT = iphoneos;
				SWIFT_ACTIVE_COMPILATION_CONDITIONS = DEBUG;
				SWIFT_OPTIMIZATION_LEVEL = "-Onone";
			};
			name = Debug;
		};
		84CA04C525272C0200E830FF /* Release */ = {
			isa = XCBuildConfiguration;
			buildSettings = {
				ALWAYS_SEARCH_USER_PATHS = NO;
				CLANG_ANALYZER_NONNULL = YES;
				CLANG_ANALYZER_NUMBER_OBJECT_CONVERSION = YES_AGGRESSIVE;
				CLANG_CXX_LANGUAGE_STANDARD = "gnu++14";
				CLANG_CXX_LIBRARY = "libc++";
				CLANG_ENABLE_MODULES = YES;
				CLANG_ENABLE_OBJC_ARC = YES;
				CLANG_ENABLE_OBJC_WEAK = YES;
				CLANG_WARN_BLOCK_CAPTURE_AUTORELEASING = YES;
				CLANG_WARN_BOOL_CONVERSION = YES;
				CLANG_WARN_COMMA = YES;
				CLANG_WARN_CONSTANT_CONVERSION = YES;
				CLANG_WARN_DEPRECATED_OBJC_IMPLEMENTATIONS = YES;
				CLANG_WARN_DIRECT_OBJC_ISA_USAGE = YES_ERROR;
				CLANG_WARN_DOCUMENTATION_COMMENTS = YES;
				CLANG_WARN_EMPTY_BODY = YES;
				CLANG_WARN_ENUM_CONVERSION = YES;
				CLANG_WARN_INFINITE_RECURSION = YES;
				CLANG_WARN_INT_CONVERSION = YES;
				CLANG_WARN_NON_LITERAL_NULL_CONVERSION = YES;
				CLANG_WARN_OBJC_IMPLICIT_RETAIN_SELF = YES;
				CLANG_WARN_OBJC_LITERAL_CONVERSION = YES;
				CLANG_WARN_OBJC_ROOT_CLASS = YES_ERROR;
				CLANG_WARN_QUOTED_INCLUDE_IN_FRAMEWORK_HEADER = YES;
				CLANG_WARN_RANGE_LOOP_ANALYSIS = YES;
				CLANG_WARN_STRICT_PROTOTYPES = YES;
				CLANG_WARN_SUSPICIOUS_MOVE = YES;
				CLANG_WARN_UNGUARDED_AVAILABILITY = YES_AGGRESSIVE;
				CLANG_WARN_UNREACHABLE_CODE = YES;
				CLANG_WARN__DUPLICATE_METHOD_MATCH = YES;
				COPY_PHASE_STRIP = NO;
				DEBUG_INFORMATION_FORMAT = "dwarf-with-dsym";
				ENABLE_NS_ASSERTIONS = NO;
				ENABLE_STRICT_OBJC_MSGSEND = YES;
				GCC_C_LANGUAGE_STANDARD = gnu11;
				GCC_NO_COMMON_BLOCKS = YES;
				GCC_WARN_64_TO_32_BIT_CONVERSION = YES;
				GCC_WARN_ABOUT_RETURN_TYPE = YES_ERROR;
				GCC_WARN_UNDECLARED_SELECTOR = YES;
				GCC_WARN_UNINITIALIZED_AUTOS = YES_AGGRESSIVE;
				GCC_WARN_UNUSED_FUNCTION = YES;
				GCC_WARN_UNUSED_VARIABLE = YES;
				IPHONEOS_DEPLOYMENT_TARGET = 14.0;
				MTL_ENABLE_DEBUG_INFO = NO;
				MTL_FAST_MATH = YES;
				SDKROOT = iphoneos;
				SWIFT_COMPILATION_MODE = wholemodule;
				SWIFT_OPTIMIZATION_LEVEL = "-O";
				VALIDATE_PRODUCT = YES;
			};
			name = Release;
		};
		84CA04C725272C0200E830FF /* Debug */ = {
			isa = XCBuildConfiguration;
			buildSettings = {
				ASSETCATALOG_COMPILER_APPICON_NAME = AppIcon;
				ASSETCATALOG_COMPILER_GLOBAL_ACCENT_COLOR_NAME = AccentColor;
				CODE_SIGN_STYLE = Automatic;
				DEVELOPMENT_ASSET_PATHS = "\"SwiftUIEditorWithOutFirebase/Preview Content\"";
				DEVELOPMENT_TEAM = DJ4L4M9LRS;
				ENABLE_PREVIEWS = YES;
				INFOPLIST_FILE = SwiftUIEditorWithOutFirebase/Info.plist;
				LD_RUNPATH_SEARCH_PATHS = (
					"$(inherited)",
					"@executable_path/Frameworks",
				);
				PRODUCT_BUNDLE_IDENTIFIER = dk.commonsenseit.SwiftUIEditorWithOutFirebase;
				PRODUCT_NAME = "$(TARGET_NAME)";
				SWIFT_VERSION = 5.0;
				TARGETED_DEVICE_FAMILY = "1,2";
			};
			name = Debug;
		};
		84CA04C825272C0200E830FF /* Release */ = {
			isa = XCBuildConfiguration;
			buildSettings = {
				ASSETCATALOG_COMPILER_APPICON_NAME = AppIcon;
				ASSETCATALOG_COMPILER_GLOBAL_ACCENT_COLOR_NAME = AccentColor;
				CODE_SIGN_STYLE = Automatic;
				DEVELOPMENT_ASSET_PATHS = "\"SwiftUIEditorWithOutFirebase/Preview Content\"";
				DEVELOPMENT_TEAM = DJ4L4M9LRS;
				ENABLE_PREVIEWS = YES;
				INFOPLIST_FILE = SwiftUIEditorWithOutFirebase/Info.plist;
				LD_RUNPATH_SEARCH_PATHS = (
					"$(inherited)",
					"@executable_path/Frameworks",
				);
				PRODUCT_BUNDLE_IDENTIFIER = dk.commonsenseit.SwiftUIEditorWithOutFirebase;
				PRODUCT_NAME = "$(TARGET_NAME)";
				SWIFT_VERSION = 5.0;
				TARGETED_DEVICE_FAMILY = "1,2";
			};
			name = Release;
		};
/* End XCBuildConfiguration section */

/* Begin XCConfigurationList section */
		84CA04AD25272BFF00E830FF /* Build configuration list for PBXProject "SwiftUIEditorWithOutFirebase" */ = {
			isa = XCConfigurationList;
			buildConfigurations = (
				84CA04C425272C0200E830FF /* Debug */,
				84CA04C525272C0200E830FF /* Release */,
			);
			defaultConfigurationIsVisible = 0;
			defaultConfigurationName = Release;
		};
		84CA04C625272C0200E830FF /* Build configuration list for PBXNativeTarget "SwiftUIEditorWithOutFirebase" */ = {
			isa = XCConfigurationList;
			buildConfigurations = (
				84CA04C725272C0200E830FF /* Debug */,
				84CA04C825272C0200E830FF /* Release */,
			);
			defaultConfigurationIsVisible = 0;
			defaultConfigurationName = Release;
		};
/* End XCConfigurationList section */
	};
	rootObject = 84CA04AA25272BFF00E830FF /* Project object */;
}
